
Microsoft Visual Studio Solution File, Format Version 12.00
# Visual Studio 15
VisualStudioVersion = 15.0.27703.2026
MinimumVisualStudioVersion = 10.0.40219.1
Project("{FAE04EC0-301F-11D3-BF4B-00C04F79EFBC}") = "AuditoriaFront", "AuditoriaFront\AuditoriaFront.csproj", "{1CBCD4B7-EBC5-47DD-A0E8-12F928EA4116}"
EndProject
Global
	GlobalSection(SolutionConfigurationPlatforms) = preSolution
		Debug|Any CPU = Debug|Any CPU
		Release|Any CPU = Release|Any CPU
	EndGlobalSection
	GlobalSection(ProjectConfigurationPlatforms) = postSolution
		{1CBCD4B7-EBC5-47DD-A0E8-12F928EA4116}.Debug|Any CPU.ActiveCfg = Debug|Any CPU
		{1CBCD4B7-EBC5-47DD-A0E8-12F928EA4116}.Debug|Any CPU.Build.0 = Debug|Any CPU
		{1CBCD4B7-EBC5-47DD-A0E8-12F928EA4116}.Release|Any CPU.ActiveCfg = Release|Any CPU
		{1CBCD4B7-EBC5-47DD-A0E8-12F928EA4116}.Release|Any CPU.Build.0 = Release|Any CPU
	EndGlobalSection
	GlobalSection(SolutionProperties) = preSolution
		HideSolutionNode = FALSE
	EndGlobalSection
	GlobalSection(ExtensibilityGlobals) = postSolution
		SolutionGuid = {1D2FE2CB-B7A3-43B8-8F9F-49894E6369FE}
	EndGlobalSection
EndGlobal
